{
  "name": "cuppajs-elements",
  "lockfileVersion": 2,
  "requires": true,
  "packages": {
    "": {
      "dependencies": {
        "cuppajs": "^0.0.98"
      }
    },
    "node_modules/cuppajs": {
      "version": "0.0.98",
      "resolved": "https://registry.npmjs.org/cuppajs/-/cuppajs-0.0.98.tgz",
      "integrity": "sha512-jQ5O5tl0h6S/rL1Fmx9Iv/9Po25p5tfFmfwObmLRFH4e5pv2KfnZfg3VVn05UTgD4Jl+CCItvL8+s0jkFNBzQw=="
    }
  },
  "dependencies": {
    "cuppajs": {
      "version": "0.0.98",
      "resolved": "https://registry.npmjs.org/cuppajs/-/cuppajs-0.0.98.tgz",
      "integrity": "sha512-jQ5O5tl0h6S/rL1Fmx9Iv/9Po25p5tfFmfwObmLRFH4e5pv2KfnZfg3VVn05UTgD4Jl+CCItvL8+s0jkFNBzQw=="
    }
  }
}
